
Microsoft Visual Studio Solution File, Format Version 12.00
# Visual Studio Version 17
VisualStudioVersion = 17.7.34031.279
MinimumVisualStudioVersion = 10.0.40219.1
Project("{FAE04EC0-301F-11D3-BF4B-00C04F79EFBC}") = "TimeSheets.App", "TimeSheets.App.csproj", "{1D23502D-36AD-4257-A4ED-374DC09B6098}"
EndProject
Global
	GlobalSection(SolutionConfigurationPlatforms) = preSolution
		Debug|Any CPU = Debug|Any CPU
		Release|Any CPU = Release|Any CPU
	EndGlobalSection
	GlobalSection(ProjectConfigurationPlatforms) = postSolution
		{1D23502D-36AD-4257-A4ED-374DC09B6098}.Debug|Any CPU.ActiveCfg = Debug|Any CPU
		{1D23502D-36AD-4257-A4ED-374DC09B6098}.Debug|Any CPU.Build.0 = Debug|Any CPU
		{1D23502D-36AD-4257-A4ED-374DC09B6098}.Release|Any CPU.ActiveCfg = Release|Any CPU
		{1D23502D-36AD-4257-A4ED-374DC09B6098}.Release|Any CPU.Build.0 = Release|Any CPU
	EndGlobalSection
	GlobalSection(SolutionProperties) = preSolution
		HideSolutionNode = FALSE
	EndGlobalSection
	GlobalSection(ExtensibilityGlobals) = postSolution
		SolutionGuid = {EB7CDB20-BA2B-430A-B0ED-2CFB4A8820F4}
	EndGlobalSection
EndGlobal
